
Microsoft Visual Studio Solution File, Format Version 12.00
# Visual Studio Version 17
VisualStudioVersion = 17.7.34024.191
MinimumVisualStudioVersion = 10.0.40219.1
Project("{FAE04EC0-301F-11D3-BF4B-00C04F79EFBC}") = "MvcCv", "MvcCv\MvcCv.csproj", "{479CC552-F9B0-4964-A28B-BFFF8840BEB1}"
EndProject
Global
	GlobalSection(SolutionConfigurationPlatforms) = preSolution
		Debug|Any CPU = Debug|Any CPU
		Release|Any CPU = Release|Any CPU
	EndGlobalSection
	GlobalSection(ProjectConfigurationPlatforms) = postSolution
		{479CC552-F9B0-4964-A28B-BFFF8840BEB1}.Debug|Any CPU.ActiveCfg = Debug|Any CPU
		{479CC552-F9B0-4964-A28B-BFFF8840BEB1}.Debug|Any CPU.Build.0 = Debug|Any CPU
		{479CC552-F9B0-4964-A28B-BFFF8840BEB1}.Release|Any CPU.ActiveCfg = Release|Any CPU
		{479CC552-F9B0-4964-A28B-BFFF8840BEB1}.Release|Any CPU.Build.0 = Release|Any CPU
	EndGlobalSection
	GlobalSection(SolutionProperties) = preSolution
		HideSolutionNode = FALSE
	EndGlobalSection
	GlobalSection(ExtensibilityGlobals) = postSolution
		SolutionGuid = {C39C993B-D02F-41EC-BC92-55C3A1A30515}
	EndGlobalSection
EndGlobal
